// !$*UTF8*$!
{
	archiveVersion = 1;
	classes = {
	};
	objectVersion = 46;
	objects = {

/* Begin PBXBuildFile section */
		3F0B04B21E8B00AC0025C506 /* CoreDataManager.swift in Sources */ = {isa = PBXBuildFile; fileRef = 3F0B04B11E8B00AC0025C506 /* CoreDataManager.swift */; };
		3F0B04B41E8B013F0025C506 /* TrampoDAO.swift in Sources */ = {isa = PBXBuildFile; fileRef = 3F0B04B31E8B013F0025C506 /* TrampoDAO.swift */; };
		3F0B04BF1E8C33160025C506 /* Servico+CoreDataClass.swift in Sources */ = {isa = PBXBuildFile; fileRef = 3F0B04BB1E8C33160025C506 /* Servico+CoreDataClass.swift */; };
		3F0B04C01E8C33160025C506 /* Servico+CoreDataProperties.swift in Sources */ = {isa = PBXBuildFile; fileRef = 3F0B04BC1E8C33160025C506 /* Servico+CoreDataProperties.swift */; };
		3F0B04C11E8C33160025C506 /* Usuario+CoreDataClass.swift in Sources */ = {isa = PBXBuildFile; fileRef = 3F0B04BD1E8C33160025C506 /* Usuario+CoreDataClass.swift */; };
		3F0B04C21E8C33160025C506 /* Usuario+CoreDataProperties.swift in Sources */ = {isa = PBXBuildFile; fileRef = 3F0B04BE1E8C33160025C506 /* Usuario+CoreDataProperties.swift */; };
		3F6A1E661E89857E00644C36 /* AppDelegate.swift in Sources */ = {isa = PBXBuildFile; fileRef = 3F6A1E651E89857E00644C36 /* AppDelegate.swift */; };
		3F6A1E6B1E89857E00644C36 /* Main.storyboard in Resources */ = {isa = PBXBuildFile; fileRef = 3F6A1E691E89857E00644C36 /* Main.storyboard */; };
		3F6A1E6E1E89857E00644C36 /* FindATrampo.xcdatamodeld in Sources */ = {isa = PBXBuildFile; fileRef = 3F6A1E6C1E89857E00644C36 /* FindATrampo.xcdatamodeld */; };
		3F6A1E701E89857E00644C36 /* Assets.xcassets in Resources */ = {isa = PBXBuildFile; fileRef = 3F6A1E6F1E89857E00644C36 /* Assets.xcassets */; };
		3F6A1E731E89857E00644C36 /* LaunchScreen.storyboard in Resources */ = {isa = PBXBuildFile; fileRef = 3F6A1E711E89857E00644C36 /* LaunchScreen.storyboard */; };
		3F84B7E71E8C22FB008C6BDA /* SlidersViewController.swift in Sources */ = {isa = PBXBuildFile; fileRef = 3F84B7E61E8C22FB008C6BDA /* SlidersViewController.swift */; };
		3FC4D4521E89A73100B04D7A /* LoginViewController.swift in Sources */ = {isa = PBXBuildFile; fileRef = 3FC4D4511E89A73100B04D7A /* LoginViewController.swift */; };
/* End PBXBuildFile section */

/* Begin PBXFileReference section */
		3F0B04B11E8B00AC0025C506 /* CoreDataManager.swift */ = {isa = PBXFileReference; fileEncoding = 4; lastKnownFileType = sourcecode.swift; path = CoreDataManager.swift; sourceTree = "<group>"; };
		3F0B04B31E8B013F0025C506 /* TrampoDAO.swift */ = {isa = PBXFileReference; fileEncoding = 4; lastKnownFileType = sourcecode.swift; path = TrampoDAO.swift; sourceTree = "<group>"; };
		3F0B04BB1E8C33160025C506 /* Servico+CoreDataClass.swift */ = {isa = PBXFileReference; fileEncoding = 4; lastKnownFileType = sourcecode.swift; path = "Servico+CoreDataClass.swift"; sourceTree = "<group>"; };
		3F0B04BC1E8C33160025C506 /* Servico+CoreDataProperties.swift */ = {isa = PBXFileReference; fileEncoding = 4; lastKnownFileType = sourcecode.swift; path = "Servico+CoreDataProperties.swift"; sourceTree = "<group>"; };
		3F0B04BD1E8C33160025C506 /* Usuario+CoreDataClass.swift */ = {isa = PBXFileReference; fileEncoding = 4; lastKnownFileType = sourcecode.swift; path = "Usuario+CoreDataClass.swift"; sourceTree = "<group>"; };
		3F0B04BE1E8C33160025C506 /* Usuario+CoreDataProperties.swift */ = {isa = PBXFileReference; fileEncoding = 4; lastKnownFileType = sourcecode.swift; path = "Usuario+CoreDataProperties.swift"; sourceTree = "<group>"; };
		3F6A1E621E89857E00644C36 /* FindATrampo.app */ = {isa = PBXFileReference; explicitFileType = wrapper.application; includeInIndex = 0; path = FindATrampo.app; sourceTree = BUILT_PRODUCTS_DIR; };
		3F6A1E651E89857E00644C36 /* AppDelegate.swift */ = {isa = PBXFileReference; lastKnownFileType = sourcecode.swift; path = AppDelegate.swift; sourceTree = "<group>"; };
		3F6A1E6A1E89857E00644C36 /* Base */ = {isa = PBXFileReference; lastKnownFileType = file.storyboard; name = Base; path = Base.lproj/Main.storyboard; sourceTree = "<group>"; };
		3F6A1E6D1E89857E00644C36 /* FindATrampo.xcdatamodel */ = {isa = PBXFileReference; lastKnownFileType = wrapper.xcdatamodel; path = FindATrampo.xcdatamodel; sourceTree = "<group>"; };
		3F6A1E6F1E89857E00644C36 /* Assets.xcassets */ = {isa = PBXFileReference; lastKnownFileType = folder.assetcatalog; path = Assets.xcassets; sourceTree = "<group>"; };
		3F6A1E721E89857E00644C36 /* Base */ = {isa = PBXFileReference; lastKnownFileType = file.storyboard; name = Base; path = Base.lproj/LaunchScreen.storyboard; sourceTree = "<group>"; };
		3F6A1E741E89857E00644C36 /* Info.plist */ = {isa = PBXFileReference; lastKnownFileType = text.plist.xml; path = Info.plist; sourceTree = "<group>"; };
		3F84B7E61E8C22FB008C6BDA /* SlidersViewController.swift */ = {isa = PBXFileReference; fileEncoding = 4; lastKnownFileType = sourcecode.swift; path = SlidersViewController.swift; sourceTree = "<group>"; };
		3FC4D4511E89A73100B04D7A /* LoginViewController.swift */ = {isa = PBXFileReference; fileEncoding = 4; lastKnownFileType = sourcecode.swift; path = LoginViewController.swift; sourceTree = "<group>"; };
/* End PBXFileReference section */

/* Begin PBXFrameworksBuildPhase section */
		3F6A1E5F1E89857E00644C36 /* Frameworks */ = {
			isa = PBXFrameworksBuildPhase;
			buildActionMask = 2147483647;
			files = (
			);
			runOnlyForDeploymentPostprocessing = 0;
		};
/* End PBXFrameworksBuildPhase section */

/* Begin PBXGroup section */
		3F0B04AC1E8AFFCC0025C506 /* Model */ = {
			isa = PBXGroup;
			children = (
				3F0B04BB1E8C33160025C506 /* Servico+CoreDataClass.swift */,
				3F0B04BC1E8C33160025C506 /* Servico+CoreDataProperties.swift */,
				3F0B04BD1E8C33160025C506 /* Usuario+CoreDataClass.swift */,
				3F0B04BE1E8C33160025C506 /* Usuario+CoreDataProperties.swift */,
				3F0B04B11E8B00AC0025C506 /* CoreDataManager.swift */,
				3F0B04B31E8B013F0025C506 /* TrampoDAO.swift */,
			);
			name = Model;
			sourceTree = "<group>";
		};
		3F393E0B1E89876A002753EA /* Supporting Files */ = {
			isa = PBXGroup;
			children = (
				3F6A1E651E89857E00644C36 /* AppDelegate.swift */,
				3F6A1E711E89857E00644C36 /* LaunchScreen.storyboard */,
				3F6A1E741E89857E00644C36 /* Info.plist */,
			);
			name = "Supporting Files";
			sourceTree = "<group>";
		};
		3F6A1E591E89857E00644C36 = {
			isa = PBXGroup;
			children = (
				3F6A1E641E89857E00644C36 /* FindATrampo */,
				3F6A1E631E89857E00644C36 /* Products */,
			);
			sourceTree = "<group>";
		};
		3F6A1E631E89857E00644C36 /* Products */ = {
			isa = PBXGroup;
			children = (
				3F6A1E621E89857E00644C36 /* FindATrampo.app */,
			);
			name = Products;
			sourceTree = "<group>";
		};
		3F6A1E641E89857E00644C36 /* FindATrampo */ = {
			isa = PBXGroup;
			children = (
				3F0B04AC1E8AFFCC0025C506 /* Model */,
				3F393E0B1E89876A002753EA /* Supporting Files */,
				3F7398541E8B0276006C7351 /* Controller */,
				3F7398531E8B0269006C7351 /* View */,
				3F6A1E6C1E89857E00644C36 /* FindATrampo.xcdatamodeld */,
			);
			path = FindATrampo;
			sourceTree = "<group>";
		};
		3F7398531E8B0269006C7351 /* View */ = {
			isa = PBXGroup;
			children = (
				3F84B7E61E8C22FB008C6BDA /* SlidersViewController.swift */,
				3F6A1E691E89857E00644C36 /* Main.storyboard */,
				3F6A1E6F1E89857E00644C36 /* Assets.xcassets */,
			);
			name = View;
			sourceTree = "<group>";
		};
		3F7398541E8B0276006C7351 /* Controller */ = {
			isa = PBXGroup;
			children = (
				3FC4D4511E89A73100B04D7A /* LoginViewController.swift */,
			);
			name = Controller;
			sourceTree = "<group>";
		};
/* End PBXGroup section */

/* Begin PBXNativeTarget section */
		3F6A1E611E89857E00644C36 /* FindATrampo */ = {
			isa = PBXNativeTarget;
			buildConfigurationList = 3F6A1E771E89857E00644C36 /* Build configuration list for PBXNativeTarget "FindATrampo" */;
			buildPhases = (
				3F6A1E5E1E89857E00644C36 /* Sources */,
				3F6A1E5F1E89857E00644C36 /* Frameworks */,
				3F6A1E601E89857E00644C36 /* Resources */,
			);
			buildRules = (
			);
			dependencies = (
			);
			name = FindATrampo;
			productName = FindATrampo;
			productReference = 3F6A1E621E89857E00644C36 /* FindATrampo.app */;
			productType = "com.apple.product-type.application";
		};
/* End PBXNativeTarget section */

/* Begin PBXProject section */
		3F6A1E5A1E89857E00644C36 /* Project object */ = {
			isa = PBXProject;
			attributes = {
				LastSwiftUpdateCheck = 0820;
				LastUpgradeCheck = 0820;
				ORGANIZATIONNAME = FindATrampo;
				TargetAttributes = {
					3F6A1E611E89857E00644C36 = {
						CreatedOnToolsVersion = 8.2.1;
						ProvisioningStyle = Automatic;
					};
				};
			};
			buildConfigurationList = 3F6A1E5D1E89857E00644C36 /* Build configuration list for PBXProject "FindATrampo" */;
			compatibilityVersion = "Xcode 3.2";
			developmentRegion = English;
			hasScannedForEncodings = 0;
			knownRegions = (
				en,
				Base,
			);
			mainGroup = 3F6A1E591E89857E00644C36;
			productRefGroup = 3F6A1E631E89857E00644C36 /* Products */;
			projectDirPath = "";
			projectRoot = "";
			targets = (
				3F6A1E611E89857E00644C36 /* FindATrampo */,
			);
		};
/* End PBXProject section */

/* Begin PBXResourcesBuildPhase section */
		3F6A1E601E89857E00644C36 /* Resources */ = {
			isa = PBXResourcesBuildPhase;
			buildActionMask = 2147483647;
			files = (
				3F6A1E731E89857E00644C36 /* LaunchScreen.storyboard in Resources */,
				3F6A1E701E89857E00644C36 /* Assets.xcassets in Resources */,
				3F6A1E6B1E89857E00644C36 /* Main.storyboard in Resources */,
			);
			runOnlyForDeploymentPostprocessing = 0;
		};
/* End PBXResourcesBuildPhase section */

/* Begin PBXSourcesBuildPhase section */
		3F6A1E5E1E89857E00644C36 /* Sources */ = {
			isa = PBXSourcesBuildPhase;
			buildActionMask = 2147483647;
			files = (
				3F0B04C21E8C33160025C506 /* Usuario+CoreDataProperties.swift in Sources */,
				3F0B04B41E8B013F0025C506 /* TrampoDAO.swift in Sources */,
				3F0B04BF1E8C33160025C506 /* Servico+CoreDataClass.swift in Sources */,
				3F0B04C01E8C33160025C506 /* Servico+CoreDataProperties.swift in Sources */,
				3F0B04C11E8C33160025C506 /* Usuario+CoreDataClass.swift in Sources */,
				3F0B04B21E8B00AC0025C506 /* CoreDataManager.swift in Sources */,
				3F84B7E71E8C22FB008C6BDA /* SlidersViewController.swift in Sources */,
				3FC4D4521E89A73100B04D7A /* LoginViewController.swift in Sources */,
				3F6A1E6E1E89857E00644C36 /* FindATrampo.xcdatamodeld in Sources */,
				3F6A1E661E89857E00644C36 /* AppDelegate.swift in Sources */,
			);
			runOnlyForDeploymentPostprocessing = 0;
		};
/* End PBXSourcesBuildPhase section */

/* Begin PBXVariantGroup section */
		3F6A1E691E89857E00644C36 /* Main.storyboard */ = {
			isa = PBXVariantGroup;
			children = (
				3F6A1E6A1E89857E00644C36 /* Base */,
			);
			name = Main.storyboard;
			sourceTree = "<group>";
		};
		3F6A1E711E89857E00644C36 /* LaunchScreen.storyboard */ = {
			isa = PBXVariantGroup;
			children = (
				3F6A1E721E89857E00644C36 /* Base */,
			);
			name = LaunchScreen.storyboard;
			sourceTree = "<group>";
		};
/* End PBXVariantGroup section */

/* Begin XCBuildConfiguration section */
		3F6A1E751E89857E00644C36 /* Debug */ = {
			isa = XCBuildConfiguration;
			buildSettings = {
				ALWAYS_SEARCH_USER_PATHS = NO;
				CLANG_ANALYZER_NONNULL = YES;
				CLANG_CXX_LANGUAGE_STANDARD = "gnu++0x";
				CLANG_CXX_LIBRARY = "libc++";
				CLANG_ENABLE_MODULES = YES;
				CLANG_ENABLE_OBJC_ARC = YES;
				CLANG_WARN_BOOL_CONVERSION = YES;
				CLANG_WARN_CONSTANT_CONVERSION = YES;
				CLANG_WARN_DIRECT_OBJC_ISA_USAGE = YES_ERROR;
				CLANG_WARN_DOCUMENTATION_COMMENTS = YES;
				CLANG_WARN_EMPTY_BODY = YES;
				CLANG_WARN_ENUM_CONVERSION = YES;
				CLANG_WARN_INFINITE_RECURSION = YES;
				CLANG_WARN_INT_CONVERSION = YES;
				CLANG_WARN_OBJC_ROOT_CLASS = YES_ERROR;
				CLANG_WARN_SUSPICIOUS_MOVE = YES;
				CLANG_WARN_UNREACHABLE_CODE = YES;
				CLANG_WARN__DUPLICATE_METHOD_MATCH = YES;
				"CODE_SIGN_IDENTITY[sdk=iphoneos*]" = "iPhone Developer";
				COPY_PHASE_STRIP = NO;
				DEBUG_INFORMATION_FORMAT = dwarf;
				ENABLE_STRICT_OBJC_MSGSEND = YES;
				ENABLE_TESTABILITY = YES;
				GCC_C_LANGUAGE_STANDARD = gnu99;
				GCC_DYNAMIC_NO_PIC = NO;
				GCC_NO_COMMON_BLOCKS = YES;
				GCC_OPTIMIZATION_LEVEL = 0;
				GCC_PREPROCESSOR_DEFINITIONS = (
					"DEBUG=1",
					"$(inherited)",
				);
				GCC_WARN_64_TO_32_BIT_CONVERSION = YES;
				GCC_WARN_ABOUT_RETURN_TYPE = YES_ERROR;
				GCC_WARN_UNDECLARED_SELECTOR = YES;
				GCC_WARN_UNINITIALIZED_AUTOS = YES_AGGRESSIVE;
				GCC_WARN_UNUSED_FUNCTION = YES;
				GCC_WARN_UNUSED_VARIABLE = YES;
				IPHONEOS_DEPLOYMENT_TARGET = 10.2;
				MTL_ENABLE_DEBUG_INFO = YES;
				ONLY_ACTIVE_ARCH = YES;
				SDKROOT = iphoneos;
				SWIFT_ACTIVE_COMPILATION_CONDITIONS = DEBUG;
				SWIFT_OPTIMIZATION_LEVEL = "-Onone";
				TARGETED_DEVICE_FAMILY = "1,2";
			};
			name = Debug;
		};
		3F6A1E761E89857E00644C36 /* Release */ = {
			isa = XCBuildConfiguration;
			buildSettings = {
				ALWAYS_SEARCH_USER_PATHS = NO;
				CLANG_ANALYZER_NONNULL = YES;
				CLANG_CXX_LANGUAGE_STANDARD = "gnu++0x";
				CLANG_CXX_LIBRARY = "libc++";
				CLANG_ENABLE_MODULES = YES;
				CLANG_ENABLE_OBJC_ARC = YES;
				CLANG_WARN_BOOL_CONVERSION = YES;
				CLANG_WARN_CONSTANT_CONVERSION = YES;
				CLANG_WARN_DIRECT_OBJC_ISA_USAGE = YES_ERROR;
				CLANG_WARN_DOCUMENTATION_COMMENTS = YES;
				CLANG_WARN_EMPTY_BODY = YES;
				CLANG_WARN_ENUM_CONVERSION = YES;
				CLANG_WARN_INFINITE_RECURSION = YES;
				CLANG_WARN_INT_CONVERSION = YES;
				CLANG_WARN_OBJC_ROOT_CLASS = YES_ERROR;
				CLANG_WARN_SUSPICIOUS_MOVE = YES;
				CLANG_WARN_UNREACHABLE_CODE = YES;
				CLANG_WARN__DUPLICATE_METHOD_MATCH = YES;
				"CODE_SIGN_IDENTITY[sdk=iphoneos*]" = "iPhone Developer";
				COPY_PHASE_STRIP = NO;
				DEBUG_INFORMATION_FORMAT = "dwarf-with-dsym";
				ENABLE_NS_ASSERTIONS = NO;
				ENABLE_STRICT_OBJC_MSGSEND = YES;
				GCC_C_LANGUAGE_STANDARD = gnu99;
				GCC_NO_COMMON_BLOCKS = YES;
				GCC_WARN_64_TO_32_BIT_CONVERSION = YES;
				GCC_WARN_ABOUT_RETURN_TYPE = YES_ERROR;
				GCC_WARN_UNDECLARED_SELECTOR = YES;
				GCC_WARN_UNINITIALIZED_AUTOS = YES_AGGRESSIVE;
				GCC_WARN_UNUSED_FUNCTION = YES;
				GCC_WARN_UNUSED_VARIABLE = YES;
				IPHONEOS_DEPLOYMENT_TARGET = 10.2;
				MTL_ENABLE_DEBUG_INFO = NO;
				SDKROOT = iphoneos;
				SWIFT_OPTIMIZATION_LEVEL = "-Owholemodule";
				TARGETED_DEVICE_FAMILY = "1,2";
				VALIDATE_PRODUCT = YES;
			};
			name = Release;
		};
		3F6A1E781E89857E00644C36 /* Debug */ = {
			isa = XCBuildConfiguration;
			buildSettings = {
				ASSETCATALOG_COMPILER_APPICON_NAME = AppIcon;
				INFOPLIST_FILE = FindATrampo/Info.plist;
				LD_RUNPATH_SEARCH_PATHS = "$(inherited) @executable_path/Frameworks";
				PRODUCT_BUNDLE_IDENTIFIER = br.com.souza.breno.FindATrampo;
				PRODUCT_NAME = "$(TARGET_NAME)";
				SWIFT_VERSION = 3.0;
			};
			name = Debug;
		};
		3F6A1E791E89857E00644C36 /* Release */ = {
			isa = XCBuildConfiguration;
			buildSettings = {
				ASSETCATALOG_COMPILER_APPICON_NAME = AppIcon;
				INFOPLIST_FILE = FindATrampo/Info.plist;
				LD_RUNPATH_SEARCH_PATHS = "$(inherited) @executable_path/Frameworks";
				PRODUCT_BUNDLE_IDENTIFIER = br.com.souza.breno.FindATrampo;
				PRODUCT_NAME = "$(TARGET_NAME)";
				SWIFT_VERSION = 3.0;
			};
			name = Release;
		};
/* End XCBuildConfiguration section */

/* Begin XCConfigurationList section */
		3F6A1E5D1E89857E00644C36 /* Build configuration list for PBXProject "FindATrampo" */ = {
			isa = XCConfigurationList;
			buildConfigurations = (
				3F6A1E751E89857E00644C36 /* Debug */,
				3F6A1E761E89857E00644C36 /* Release */,
			);
			defaultConfigurationIsVisible = 0;
			defaultConfigurationName = Release;
		};
		3F6A1E771E89857E00644C36 /* Build configuration list for PBXNativeTarget "FindATrampo" */ = {
			isa = XCConfigurationList;
			buildConfigurations = (
				3F6A1E781E89857E00644C36 /* Debug */,
				3F6A1E791E89857E00644C36 /* Release */,
			);
			defaultConfigurationIsVisible = 0;
			defaultConfigurationName = Release;
		};
/* End XCConfigurationList section */

/* Begin XCVersionGroup section */
		3F6A1E6C1E89857E00644C36 /* FindATrampo.xcdatamodeld */ = {
			isa = XCVersionGroup;
			children = (
				3F6A1E6D1E89857E00644C36 /* FindATrampo.xcdatamodel */,
			);
			currentVersion = 3F6A1E6D1E89857E00644C36 /* FindATrampo.xcdatamodel */;
			path = FindATrampo.xcdatamodeld;
			sourceTree = "<group>";
			versionGroupType = wrapper.xcdatamodel;
		};
/* End XCVersionGroup section */
	};
	rootObject = 3F6A1E5A1E89857E00644C36 /* Project object */;
}
